
Microsoft Visual Studio Solution File, Format Version 12.00
# Visual Studio Version 17
VisualStudioVersion = 17.4.33213.308
MinimumVisualStudioVersion = 10.0.40219.1
Project("{FAE04EC0-301F-11D3-BF4B-00C04F79EFBC}") = "CompetencyAssessmentBotTest", "CompetencyAssessmentBotTest\CompetencyAssessmentBotTest.csproj", "{A0E1ADEE-C08B-4336-B8F0-A06335A94452}"
EndProject
Global
	GlobalSection(SolutionConfigurationPlatforms) = preSolution
		Debug|Any CPU = Debug|Any CPU
		Release|Any CPU = Release|Any CPU
	EndGlobalSection
	GlobalSection(ProjectConfigurationPlatforms) = postSolution
		{A0E1ADEE-C08B-4336-B8F0-A06335A94452}.Debug|Any CPU.ActiveCfg = Debug|Any CPU
		{A0E1ADEE-C08B-4336-B8F0-A06335A94452}.Debug|Any CPU.Build.0 = Debug|Any CPU
		{A0E1ADEE-C08B-4336-B8F0-A06335A94452}.Release|Any CPU.ActiveCfg = Release|Any CPU
		{A0E1ADEE-C08B-4336-B8F0-A06335A94452}.Release|Any CPU.Build.0 = Release|Any CPU
	EndGlobalSection
	GlobalSection(SolutionProperties) = preSolution
		HideSolutionNode = FALSE
	EndGlobalSection
	GlobalSection(ExtensibilityGlobals) = postSolution
		SolutionGuid = {348E1D3A-E32D-42CF-8D4F-A453A2AEF65B}
	EndGlobalSection
EndGlobal
